{
  "name": "svelte-gh-hotkey",
  "version": "0.2.1",
  "lockfileVersion": 2,
  "requires": true,
  "packages": {
    "": {
      "version": "0.2.1",
      "license": "MIT",
      "dependencies": {
        "@github/hotkey": "^1.4.4"
      }
    },
    "node_modules/@github/hotkey": {
      "version": "1.4.4",
      "resolved": "https://registry.npmjs.org/@github/hotkey/-/hotkey-1.4.4.tgz",
      "integrity": "sha512-4lMGQfP4DkIdyrp/ar3E/j8/qI9BIajq6SnX3bORRoFMNj6jkrsrQeQlDaebN7411QOv4zOeRBguNQFShLKJEQ=="
    }
  },
  "dependencies": {
    "@github/hotkey": {
      "version": "1.4.4",
      "resolved": "https://registry.npmjs.org/@github/hotkey/-/hotkey-1.4.4.tgz",
      "integrity": "sha512-4lMGQfP4DkIdyrp/ar3E/j8/qI9BIajq6SnX3bORRoFMNj6jkrsrQeQlDaebN7411QOv4zOeRBguNQFShLKJEQ=="
    }
  }
}
